
Microsoft Visual Studio Solution File, Format Version 12.00
# Visual Studio Version 17
VisualStudioVersion = 17.10.35027.167
MinimumVisualStudioVersion = 10.0.40219.1
Project("{2150E333-8FDC-42A3-9474-1A3956D46DE8}") = "src", "src", "{3FB5E95F-C302-452F-8B16-E9C3F5DD3C33}"
EndProject
Project("{2150E333-8FDC-42A3-9474-1A3956D46DE8}") = "shared", "shared", "{0686D47F-DC82-492F-B9D0-BBA4A6414AF3}"
EndProject
Project("{9A19103F-16F7-4668-BE54-9A1E7A4F7556}") = "CMgt.Web", "src\CMgt.Web\CMgt.Web.csproj", "{91CEFE6B-41B0-42EB-BAD7-8C1D1A50602E}"
EndProject
Project("{9A19103F-16F7-4668-BE54-9A1E7A4F7556}") = "CMgt.shared", "src\shared\CMgt.shared\CMgt.shared.csproj", "{0C8AC3E8-E029-4794-B05F-34984B0C8099}"
EndProject
Project("{9A19103F-16F7-4668-BE54-9A1E7A4F7556}") = "CMgt.BLL", "src\CMgt.BLL\CMgt.BLL.csproj", "{D76730A0-F258-4392-B868-136ED8914C90}"
EndProject
Project("{9A19103F-16F7-4668-BE54-9A1E7A4F7556}") = "CMgt.DAL", "src\CMgt.DAL\CMgt.DAL.csproj", "{81A80165-1E8D-45C6-86E5-E56C9E3D3FF1}"
EndProject
Global
	GlobalSection(SolutionConfigurationPlatforms) = preSolution
		Debug|Any CPU = Debug|Any CPU
		Release|Any CPU = Release|Any CPU
	EndGlobalSection
	GlobalSection(ProjectConfigurationPlatforms) = postSolution
		{91CEFE6B-41B0-42EB-BAD7-8C1D1A50602E}.Debug|Any CPU.ActiveCfg = Debug|Any CPU
		{91CEFE6B-41B0-42EB-BAD7-8C1D1A50602E}.Debug|Any CPU.Build.0 = Debug|Any CPU
		{91CEFE6B-41B0-42EB-BAD7-8C1D1A50602E}.Release|Any CPU.ActiveCfg = Release|Any CPU
		{91CEFE6B-41B0-42EB-BAD7-8C1D1A50602E}.Release|Any CPU.Build.0 = Release|Any CPU
		{0C8AC3E8-E029-4794-B05F-34984B0C8099}.Debug|Any CPU.ActiveCfg = Debug|Any CPU
		{0C8AC3E8-E029-4794-B05F-34984B0C8099}.Debug|Any CPU.Build.0 = Debug|Any CPU
		{0C8AC3E8-E029-4794-B05F-34984B0C8099}.Release|Any CPU.ActiveCfg = Release|Any CPU
		{0C8AC3E8-E029-4794-B05F-34984B0C8099}.Release|Any CPU.Build.0 = Release|Any CPU
		{D76730A0-F258-4392-B868-136ED8914C90}.Debug|Any CPU.ActiveCfg = Debug|Any CPU
		{D76730A0-F258-4392-B868-136ED8914C90}.Debug|Any CPU.Build.0 = Debug|Any CPU
		{D76730A0-F258-4392-B868-136ED8914C90}.Release|Any CPU.ActiveCfg = Release|Any CPU
		{D76730A0-F258-4392-B868-136ED8914C90}.Release|Any CPU.Build.0 = Release|Any CPU
		{81A80165-1E8D-45C6-86E5-E56C9E3D3FF1}.Debug|Any CPU.ActiveCfg = Debug|Any CPU
		{81A80165-1E8D-45C6-86E5-E56C9E3D3FF1}.Debug|Any CPU.Build.0 = Debug|Any CPU
		{81A80165-1E8D-45C6-86E5-E56C9E3D3FF1}.Release|Any CPU.ActiveCfg = Release|Any CPU
		{81A80165-1E8D-45C6-86E5-E56C9E3D3FF1}.Release|Any CPU.Build.0 = Release|Any CPU
	EndGlobalSection
	GlobalSection(SolutionProperties) = preSolution
		HideSolutionNode = FALSE
	EndGlobalSection
	GlobalSection(NestedProjects) = preSolution
		{0686D47F-DC82-492F-B9D0-BBA4A6414AF3} = {3FB5E95F-C302-452F-8B16-E9C3F5DD3C33}
		{91CEFE6B-41B0-42EB-BAD7-8C1D1A50602E} = {3FB5E95F-C302-452F-8B16-E9C3F5DD3C33}
		{0C8AC3E8-E029-4794-B05F-34984B0C8099} = {0686D47F-DC82-492F-B9D0-BBA4A6414AF3}
		{D76730A0-F258-4392-B868-136ED8914C90} = {3FB5E95F-C302-452F-8B16-E9C3F5DD3C33}
		{81A80165-1E8D-45C6-86E5-E56C9E3D3FF1} = {3FB5E95F-C302-452F-8B16-E9C3F5DD3C33}
	EndGlobalSection
	GlobalSection(ExtensibilityGlobals) = postSolution
		SolutionGuid = {09B690CB-38DC-4822-8E44-1BAB258282BD}
	EndGlobalSection
EndGlobal
