
Microsoft Visual Studio Solution File, Format Version 12.00
# Visual Studio Version 17
VisualStudioVersion = 17.10.35027.167
MinimumVisualStudioVersion = 10.0.40219.1
Project("{2150E333-8FDC-42A3-9474-1A3956D46DE8}") = "src", "src", "{3FB5E95F-C302-452F-8B16-E9C3F5DD3C33}"
EndProject
Project("{2150E333-8FDC-42A3-9474-1A3956D46DE8}") = "shared", "shared", "{0686D47F-DC82-492F-B9D0-BBA4A6414AF3}"
EndProject
Project("{9A19103F-16F7-4668-BE54-9A1E7A4F7556}") = "CMgt.DAL", "D:\ContentManagementSystem\src\CMgt.DAL\CMgt.DAL.csproj", "{6E0EE5D0-A2A4-48B1-8386-2942B22FE18F}"
EndProject
Project("{9A19103F-16F7-4668-BE54-9A1E7A4F7556}") = "CMgt.BLL", "D:\ContentManagementSystem\src\CMgt.BLL\CMgt.BLL.csproj", "{F20D1821-414C-4049-BD9B-97E2457C9C82}"
EndProject
Project("{9A19103F-16F7-4668-BE54-9A1E7A4F7556}") = "CMgt.shared", "D:\ContentManagementSystem\src\shared\CMgt.shared\CMgt.shared.csproj", "{1CABF2A2-B7D3-4C98-A5C4-58E2333626B6}"
EndProject
Project("{FAE04EC0-301F-11D3-BF4B-00C04F79EFBC}") = "CMgt.Web", "src\CMgt.Web\CMgt.Web.csproj", "{91CEFE6B-41B0-42EB-BAD7-8C1D1A50602E}"
EndProject
Global
	GlobalSection(SolutionConfigurationPlatforms) = preSolution
		Debug|Any CPU = Debug|Any CPU
		Release|Any CPU = Release|Any CPU
	EndGlobalSection
	GlobalSection(ProjectConfigurationPlatforms) = postSolution
		{6E0EE5D0-A2A4-48B1-8386-2942B22FE18F}.Debug|Any CPU.ActiveCfg = Debug|Any CPU
		{6E0EE5D0-A2A4-48B1-8386-2942B22FE18F}.Debug|Any CPU.Build.0 = Debug|Any CPU
		{6E0EE5D0-A2A4-48B1-8386-2942B22FE18F}.Release|Any CPU.ActiveCfg = Release|Any CPU
		{6E0EE5D0-A2A4-48B1-8386-2942B22FE18F}.Release|Any CPU.Build.0 = Release|Any CPU
		{F20D1821-414C-4049-BD9B-97E2457C9C82}.Debug|Any CPU.ActiveCfg = Debug|Any CPU
		{F20D1821-414C-4049-BD9B-97E2457C9C82}.Debug|Any CPU.Build.0 = Debug|Any CPU
		{F20D1821-414C-4049-BD9B-97E2457C9C82}.Release|Any CPU.ActiveCfg = Release|Any CPU
		{F20D1821-414C-4049-BD9B-97E2457C9C82}.Release|Any CPU.Build.0 = Release|Any CPU
		{1CABF2A2-B7D3-4C98-A5C4-58E2333626B6}.Debug|Any CPU.ActiveCfg = Debug|Any CPU
		{1CABF2A2-B7D3-4C98-A5C4-58E2333626B6}.Debug|Any CPU.Build.0 = Debug|Any CPU
		{1CABF2A2-B7D3-4C98-A5C4-58E2333626B6}.Release|Any CPU.ActiveCfg = Release|Any CPU
		{1CABF2A2-B7D3-4C98-A5C4-58E2333626B6}.Release|Any CPU.Build.0 = Release|Any CPU
		{91CEFE6B-41B0-42EB-BAD7-8C1D1A50602E}.Debug|Any CPU.ActiveCfg = Debug|Any CPU
		{91CEFE6B-41B0-42EB-BAD7-8C1D1A50602E}.Debug|Any CPU.Build.0 = Debug|Any CPU
		{91CEFE6B-41B0-42EB-BAD7-8C1D1A50602E}.Release|Any CPU.ActiveCfg = Release|Any CPU
		{91CEFE6B-41B0-42EB-BAD7-8C1D1A50602E}.Release|Any CPU.Build.0 = Release|Any CPU
	EndGlobalSection
	GlobalSection(SolutionProperties) = preSolution
		HideSolutionNode = FALSE
	EndGlobalSection
	GlobalSection(NestedProjects) = preSolution
		{0686D47F-DC82-492F-B9D0-BBA4A6414AF3} = {3FB5E95F-C302-452F-8B16-E9C3F5DD3C33}
		{6E0EE5D0-A2A4-48B1-8386-2942B22FE18F} = {3FB5E95F-C302-452F-8B16-E9C3F5DD3C33}
		{F20D1821-414C-4049-BD9B-97E2457C9C82} = {3FB5E95F-C302-452F-8B16-E9C3F5DD3C33}
		{1CABF2A2-B7D3-4C98-A5C4-58E2333626B6} = {0686D47F-DC82-492F-B9D0-BBA4A6414AF3}
		{91CEFE6B-41B0-42EB-BAD7-8C1D1A50602E} = {3FB5E95F-C302-452F-8B16-E9C3F5DD3C33}
	EndGlobalSection
	GlobalSection(ExtensibilityGlobals) = postSolution
		SolutionGuid = {09B690CB-38DC-4822-8E44-1BAB258282BD}
	EndGlobalSection
EndGlobal
