
Microsoft Visual Studio Solution File, Format Version 12.00
# Visual Studio Version 17
VisualStudioVersion = 17.10.35027.167
MinimumVisualStudioVersion = 10.0.40219.1
Project("{2150E333-8FDC-42A3-9474-1A3956D46DE8}") = "src", "src", "{3FB5E95F-C302-452F-8B16-E9C3F5DD3C33}"
EndProject
Project("{2150E333-8FDC-42A3-9474-1A3956D46DE8}") = "shared", "shared", "{0686D47F-DC82-492F-B9D0-BBA4A6414AF3}"
EndProject
Project("{9A19103F-16F7-4668-BE54-9A1E7A4F7556}") = "CMgt.Web", "src\CMgt.Web\CMgt.Web.csproj", "{91CEFE6B-41B0-42EB-BAD7-8C1D1A50602E}"
EndProject
Project("{9A19103F-16F7-4668-BE54-9A1E7A4F7556}") = "CMgt.shared", "src\shared\CMgt.shared\CMgt.shared.csproj", "{0C8AC3E8-E029-4794-B05F-34984B0C8099}"
EndProject
Project("{9A19103F-16F7-4668-BE54-9A1E7A4F7556}") = "CMgt.Application", "src\CMgt.BLL\CMgt.Application.csproj", "{D76730A0-F258-4392-B868-136ED8914C90}"
EndProject
Project("{9A19103F-16F7-4668-BE54-9A1E7A4F7556}") = "CMgt.Domain", "src\CMgt.DAL\CMgt.Domain.csproj", "{81A80165-1E8D-45C6-86E5-E56C9E3D3FF1}"
EndProject
Project("{FAE04EC0-301F-11D3-BF4B-00C04F79EFBC}") = "CMgt.Infrastructure", "src\CMgt.Infrastructure\CMgt.Infrastructure.csproj", "{7383E8A3-B795-41E2-842F-EE902BA5DE0B}"
EndProject
Project("{2150E333-8FDC-42A3-9474-1A3956D46DE8}") = "test", "test", "{50A46B3E-C57A-447A-BD31-2E569CD31EB3}"
EndProject
Project("{2150E333-8FDC-42A3-9474-1A3956D46DE8}") = "Solution Items", "Solution Items", "{70634027-E867-4E80-AA77-C2E9F57FDFF8}"
	ProjectSection(SolutionItems) = preProject
		.editorconfig = .editorconfig
	EndProjectSection
EndProject
Project("{2150E333-8FDC-42A3-9474-1A3956D46DE8}") = "Modules", "Modules", "{519A572B-6E3C-4F63-851E-780A752EADE5}"
	ProjectSection(SolutionItems) = preProject
		.editorconfig = .editorconfig
	EndProjectSection
EndProject
Project("{2150E333-8FDC-42A3-9474-1A3956D46DE8}") = "Order", "Order", "{1D674F07-3F1A-4631-B6E7-7FEB7611811A}"
EndProject
Project("{2150E333-8FDC-42A3-9474-1A3956D46DE8}") = "Inventory", "Inventory", "{BA69F69F-AA7A-4F82-A52B-71DCA61B2FBC}"
EndProject
Project("{2150E333-8FDC-42A3-9474-1A3956D46DE8}") = "Customer", "Customer", "{F86C2EE5-8BFD-4F6E-8E9D-6E90C02C7958}"
EndProject
Project("{2150E333-8FDC-42A3-9474-1A3956D46DE8}") = "Payment", "Payment", "{69273733-AF54-4C03-B533-75D9761B0511}"
EndProject
Project("{2150E333-8FDC-42A3-9474-1A3956D46DE8}") = "Catelog", "Catelog", "{7F6CDDB3-C13F-4FDC-AF2D-A829BC03B488}"
EndProject
Project("{2150E333-8FDC-42A3-9474-1A3956D46DE8}") = "Admin", "Admin", "{ADF877FA-6AB3-4E08-8EA9-F0370D41A41F}"
EndProject
Project("{FAE04EC0-301F-11D3-BF4B-00C04F79EFBC}") = "eshop.Admin.Domain", "src\Modules\Admin\Eshop.Admin.Domain\eshop.Admin.Domain.csproj", "{87142F18-50D5-4115-B39D-0AEFBC6D5B4F}"
EndProject
Project("{FAE04EC0-301F-11D3-BF4B-00C04F79EFBC}") = "eshop.Customer.Domain", "src\Modules\Customer\eshop.Customer.Domain\eshop.Customer.Domain.csproj", "{33EF6EAB-C0DF-47A5-9260-4155289D11A7}"
EndProject
Project("{FAE04EC0-301F-11D3-BF4B-00C04F79EFBC}") = "eshop.Inventory.Domain", "src\Modules\Inventory\eshop.Inventory.Domain\eshop.Inventory.Domain.csproj", "{F3631F48-D34B-4AD4-B82D-CFBF686AA52E}"
EndProject
Project("{FAE04EC0-301F-11D3-BF4B-00C04F79EFBC}") = "eshop.Order.Domain", "src\Modules\Order\eshop.Order.DOmain\eshop.Order.Domain.csproj", "{0BE63EE6-B0D9-4281-89BF-09C360C77E7D}"
EndProject
Project("{FAE04EC0-301F-11D3-BF4B-00C04F79EFBC}") = "eshop.Payment.Domain", "src\Modules\Payment\eshop.Payment.Domain\eshop.Payment.Domain.csproj", "{E0C71CAB-154C-4EF8-923A-E37C27689038}"
EndProject
Project("{FAE04EC0-301F-11D3-BF4B-00C04F79EFBC}") = "eshop.Admin.Application", "src\Modules\Admin\eshop.Admin.Application\eshop.Admin.Application.csproj", "{48939014-F555-4132-BE94-9A23B34FB994}"
EndProject
Project("{FAE04EC0-301F-11D3-BF4B-00C04F79EFBC}") = "eshop.Admin.Infrastructure", "src\Modules\Admin\eshop.Admin.Infrastructure\eshop.Admin.Infrastructure.csproj", "{C02948CB-C8CC-46F1-B63B-65EAED1D4480}"
EndProject
Project("{FAE04EC0-301F-11D3-BF4B-00C04F79EFBC}") = "eshop.Catelog.Application", "src\Modules\Catelog\eshop.Catelog.Application\eshop.Catelog.Application.csproj", "{2042F5CF-2A8F-4AEE-9B49-C4C87F017551}"
EndProject
Project("{FAE04EC0-301F-11D3-BF4B-00C04F79EFBC}") = "eshop.Catelog.Infrastructure", "src\Modules\Catelog\eshop.Catelog.Infrastructure\eshop.Catelog.Infrastructure.csproj", "{05019F99-2BA7-4AAD-8165-F723409EFE19}"
EndProject
Project("{FAE04EC0-301F-11D3-BF4B-00C04F79EFBC}") = "eshop.Customer.Application", "src\Modules\Customer\eshop.Customer.Application\eshop.Customer.Application.csproj", "{7B08C773-0B4D-4B43-9EC7-EC8666FB5616}"
EndProject
Project("{FAE04EC0-301F-11D3-BF4B-00C04F79EFBC}") = "eshop.Customer.Infrastructure", "src\Modules\Customer\eshop.Customer.Infrastructure\eshop.Customer.Infrastructure.csproj", "{B83D0C25-A1FF-471B-99F8-E6E608341BF5}"
EndProject
Project("{FAE04EC0-301F-11D3-BF4B-00C04F79EFBC}") = "eshop.Inventory.Application", "src\Modules\Inventory\eshop.Inventory.Application\eshop.Inventory.Application.csproj", "{C9D09349-D465-46B9-834A-221C56E1E572}"
EndProject
Project("{FAE04EC0-301F-11D3-BF4B-00C04F79EFBC}") = "eshop.Inventory.Infrastructure", "src\Modules\Inventory\eshop.Inventory.Infrastructure\eshop.Inventory.Infrastructure.csproj", "{E0FF0177-B7EC-4B4B-B527-FD35FF4ACF57}"
EndProject
Project("{FAE04EC0-301F-11D3-BF4B-00C04F79EFBC}") = "eshop.Order.Application", "src\Modules\Order\eshop.Order.Application\eshop.Order.Application.csproj", "{1DE83466-EFD4-4B11-AF92-6E15F5E8F03C}"
EndProject
Project("{FAE04EC0-301F-11D3-BF4B-00C04F79EFBC}") = "eshop.Order.Infrastructure", "src\Modules\Order\eshop.Order.Infrastructure\eshop.Order.Infrastructure.csproj", "{4B562323-9C51-4548-AAA8-C1A254D455F0}"
EndProject
Project("{FAE04EC0-301F-11D3-BF4B-00C04F79EFBC}") = "eshop.Payment.Application", "src\Modules\Payment\eshop.Payment.Application\eshop.Payment.Application.csproj", "{1084B733-C5F6-47B2-9099-AD3E610E06A0}"
EndProject
Project("{FAE04EC0-301F-11D3-BF4B-00C04F79EFBC}") = "eshop.Payment.Infrastructure", "src\Modules\Payment\eshop.Payment.Infrastructure\eshop.Payment.Infrastructure.csproj", "{371B248C-A887-4B81-98C7-B2B65C0EB49D}"
EndProject
Project("{FAE04EC0-301F-11D3-BF4B-00C04F79EFBC}") = "eshop.Shared.Abstraction", "src\shared\eshop.Shared.Abstraction\eshop.Shared.Abstraction.csproj", "{3E9A26C8-6344-4450-8C58-040B7110BC3D}"
EndProject
Project("{FAE04EC0-301F-11D3-BF4B-00C04F79EFBC}") = "eshop.Shared.Infrastructure", "src\shared\eshop.Shared.Infrastructure\eshop.Shared.Infrastructure.csproj", "{76FD4A2E-ED21-4E36-AB9F-8ACAC7CDF8E3}"
EndProject
Project("{2150E333-8FDC-42A3-9474-1A3956D46DE8}") = "AAuthIdentity", "AAuthIdentity", "{CF573227-06D5-4FEA-9745-953837A0020C}"
EndProject
Project("{FAE04EC0-301F-11D3-BF4B-00C04F79EFBC}") = "eshop.Auth.Identity", "src\Modules\AAuthIdentity\eshop.Auth.Identity\eshop.Auth.Identity.csproj", "{E8598859-558D-48B1-A1D0-68F3AAD0CB7B}"
EndProject
Project("{FAE04EC0-301F-11D3-BF4B-00C04F79EFBC}") = "eshop.Catelog.Domain", "src\Modules\Catelog\eshop.Catelog.Domain\eshop.Catelog.Domain.csproj", "{6D12FAC2-2651-4D96-934D-DD3EA73334DB}"
EndProject
Global
	GlobalSection(SolutionConfigurationPlatforms) = preSolution
		Debug|Any CPU = Debug|Any CPU
		Release|Any CPU = Release|Any CPU
	EndGlobalSection
	GlobalSection(ProjectConfigurationPlatforms) = postSolution
		{91CEFE6B-41B0-42EB-BAD7-8C1D1A50602E}.Debug|Any CPU.ActiveCfg = Debug|Any CPU
		{91CEFE6B-41B0-42EB-BAD7-8C1D1A50602E}.Debug|Any CPU.Build.0 = Debug|Any CPU
		{91CEFE6B-41B0-42EB-BAD7-8C1D1A50602E}.Release|Any CPU.ActiveCfg = Release|Any CPU
		{91CEFE6B-41B0-42EB-BAD7-8C1D1A50602E}.Release|Any CPU.Build.0 = Release|Any CPU
		{0C8AC3E8-E029-4794-B05F-34984B0C8099}.Debug|Any CPU.ActiveCfg = Debug|Any CPU
		{0C8AC3E8-E029-4794-B05F-34984B0C8099}.Debug|Any CPU.Build.0 = Debug|Any CPU
		{0C8AC3E8-E029-4794-B05F-34984B0C8099}.Release|Any CPU.ActiveCfg = Release|Any CPU
		{0C8AC3E8-E029-4794-B05F-34984B0C8099}.Release|Any CPU.Build.0 = Release|Any CPU
		{D76730A0-F258-4392-B868-136ED8914C90}.Debug|Any CPU.ActiveCfg = Debug|Any CPU
		{D76730A0-F258-4392-B868-136ED8914C90}.Debug|Any CPU.Build.0 = Debug|Any CPU
		{D76730A0-F258-4392-B868-136ED8914C90}.Release|Any CPU.ActiveCfg = Release|Any CPU
		{D76730A0-F258-4392-B868-136ED8914C90}.Release|Any CPU.Build.0 = Release|Any CPU
		{81A80165-1E8D-45C6-86E5-E56C9E3D3FF1}.Debug|Any CPU.ActiveCfg = Debug|Any CPU
		{81A80165-1E8D-45C6-86E5-E56C9E3D3FF1}.Debug|Any CPU.Build.0 = Debug|Any CPU
		{81A80165-1E8D-45C6-86E5-E56C9E3D3FF1}.Release|Any CPU.ActiveCfg = Release|Any CPU
		{81A80165-1E8D-45C6-86E5-E56C9E3D3FF1}.Release|Any CPU.Build.0 = Release|Any CPU
		{7383E8A3-B795-41E2-842F-EE902BA5DE0B}.Debug|Any CPU.ActiveCfg = Debug|Any CPU
		{7383E8A3-B795-41E2-842F-EE902BA5DE0B}.Debug|Any CPU.Build.0 = Debug|Any CPU
		{7383E8A3-B795-41E2-842F-EE902BA5DE0B}.Release|Any CPU.ActiveCfg = Release|Any CPU
		{7383E8A3-B795-41E2-842F-EE902BA5DE0B}.Release|Any CPU.Build.0 = Release|Any CPU
		{87142F18-50D5-4115-B39D-0AEFBC6D5B4F}.Debug|Any CPU.ActiveCfg = Debug|Any CPU
		{87142F18-50D5-4115-B39D-0AEFBC6D5B4F}.Debug|Any CPU.Build.0 = Debug|Any CPU
		{87142F18-50D5-4115-B39D-0AEFBC6D5B4F}.Release|Any CPU.ActiveCfg = Release|Any CPU
		{87142F18-50D5-4115-B39D-0AEFBC6D5B4F}.Release|Any CPU.Build.0 = Release|Any CPU
		{33EF6EAB-C0DF-47A5-9260-4155289D11A7}.Debug|Any CPU.ActiveCfg = Debug|Any CPU
		{33EF6EAB-C0DF-47A5-9260-4155289D11A7}.Debug|Any CPU.Build.0 = Debug|Any CPU
		{33EF6EAB-C0DF-47A5-9260-4155289D11A7}.Release|Any CPU.ActiveCfg = Release|Any CPU
		{33EF6EAB-C0DF-47A5-9260-4155289D11A7}.Release|Any CPU.Build.0 = Release|Any CPU
		{F3631F48-D34B-4AD4-B82D-CFBF686AA52E}.Debug|Any CPU.ActiveCfg = Debug|Any CPU
		{F3631F48-D34B-4AD4-B82D-CFBF686AA52E}.Debug|Any CPU.Build.0 = Debug|Any CPU
		{F3631F48-D34B-4AD4-B82D-CFBF686AA52E}.Release|Any CPU.ActiveCfg = Release|Any CPU
		{F3631F48-D34B-4AD4-B82D-CFBF686AA52E}.Release|Any CPU.Build.0 = Release|Any CPU
		{0BE63EE6-B0D9-4281-89BF-09C360C77E7D}.Debug|Any CPU.ActiveCfg = Debug|Any CPU
		{0BE63EE6-B0D9-4281-89BF-09C360C77E7D}.Debug|Any CPU.Build.0 = Debug|Any CPU
		{0BE63EE6-B0D9-4281-89BF-09C360C77E7D}.Release|Any CPU.ActiveCfg = Release|Any CPU
		{0BE63EE6-B0D9-4281-89BF-09C360C77E7D}.Release|Any CPU.Build.0 = Release|Any CPU
		{E0C71CAB-154C-4EF8-923A-E37C27689038}.Debug|Any CPU.ActiveCfg = Debug|Any CPU
		{E0C71CAB-154C-4EF8-923A-E37C27689038}.Debug|Any CPU.Build.0 = Debug|Any CPU
		{E0C71CAB-154C-4EF8-923A-E37C27689038}.Release|Any CPU.ActiveCfg = Release|Any CPU
		{E0C71CAB-154C-4EF8-923A-E37C27689038}.Release|Any CPU.Build.0 = Release|Any CPU
		{48939014-F555-4132-BE94-9A23B34FB994}.Debug|Any CPU.ActiveCfg = Debug|Any CPU
		{48939014-F555-4132-BE94-9A23B34FB994}.Debug|Any CPU.Build.0 = Debug|Any CPU
		{48939014-F555-4132-BE94-9A23B34FB994}.Release|Any CPU.ActiveCfg = Release|Any CPU
		{48939014-F555-4132-BE94-9A23B34FB994}.Release|Any CPU.Build.0 = Release|Any CPU
		{C02948CB-C8CC-46F1-B63B-65EAED1D4480}.Debug|Any CPU.ActiveCfg = Debug|Any CPU
		{C02948CB-C8CC-46F1-B63B-65EAED1D4480}.Debug|Any CPU.Build.0 = Debug|Any CPU
		{C02948CB-C8CC-46F1-B63B-65EAED1D4480}.Release|Any CPU.ActiveCfg = Release|Any CPU
		{C02948CB-C8CC-46F1-B63B-65EAED1D4480}.Release|Any CPU.Build.0 = Release|Any CPU
		{2042F5CF-2A8F-4AEE-9B49-C4C87F017551}.Debug|Any CPU.ActiveCfg = Debug|Any CPU
		{2042F5CF-2A8F-4AEE-9B49-C4C87F017551}.Debug|Any CPU.Build.0 = Debug|Any CPU
		{2042F5CF-2A8F-4AEE-9B49-C4C87F017551}.Release|Any CPU.ActiveCfg = Release|Any CPU
		{2042F5CF-2A8F-4AEE-9B49-C4C87F017551}.Release|Any CPU.Build.0 = Release|Any CPU
		{05019F99-2BA7-4AAD-8165-F723409EFE19}.Debug|Any CPU.ActiveCfg = Debug|Any CPU
		{05019F99-2BA7-4AAD-8165-F723409EFE19}.Debug|Any CPU.Build.0 = Debug|Any CPU
		{05019F99-2BA7-4AAD-8165-F723409EFE19}.Release|Any CPU.ActiveCfg = Release|Any CPU
		{05019F99-2BA7-4AAD-8165-F723409EFE19}.Release|Any CPU.Build.0 = Release|Any CPU
		{7B08C773-0B4D-4B43-9EC7-EC8666FB5616}.Debug|Any CPU.ActiveCfg = Debug|Any CPU
		{7B08C773-0B4D-4B43-9EC7-EC8666FB5616}.Debug|Any CPU.Build.0 = Debug|Any CPU
		{7B08C773-0B4D-4B43-9EC7-EC8666FB5616}.Release|Any CPU.ActiveCfg = Release|Any CPU
		{7B08C773-0B4D-4B43-9EC7-EC8666FB5616}.Release|Any CPU.Build.0 = Release|Any CPU
		{B83D0C25-A1FF-471B-99F8-E6E608341BF5}.Debug|Any CPU.ActiveCfg = Debug|Any CPU
		{B83D0C25-A1FF-471B-99F8-E6E608341BF5}.Debug|Any CPU.Build.0 = Debug|Any CPU
		{B83D0C25-A1FF-471B-99F8-E6E608341BF5}.Release|Any CPU.ActiveCfg = Release|Any CPU
		{B83D0C25-A1FF-471B-99F8-E6E608341BF5}.Release|Any CPU.Build.0 = Release|Any CPU
		{C9D09349-D465-46B9-834A-221C56E1E572}.Debug|Any CPU.ActiveCfg = Debug|Any CPU
		{C9D09349-D465-46B9-834A-221C56E1E572}.Debug|Any CPU.Build.0 = Debug|Any CPU
		{C9D09349-D465-46B9-834A-221C56E1E572}.Release|Any CPU.ActiveCfg = Release|Any CPU
		{C9D09349-D465-46B9-834A-221C56E1E572}.Release|Any CPU.Build.0 = Release|Any CPU
		{E0FF0177-B7EC-4B4B-B527-FD35FF4ACF57}.Debug|Any CPU.ActiveCfg = Debug|Any CPU
		{E0FF0177-B7EC-4B4B-B527-FD35FF4ACF57}.Debug|Any CPU.Build.0 = Debug|Any CPU
		{E0FF0177-B7EC-4B4B-B527-FD35FF4ACF57}.Release|Any CPU.ActiveCfg = Release|Any CPU
		{E0FF0177-B7EC-4B4B-B527-FD35FF4ACF57}.Release|Any CPU.Build.0 = Release|Any CPU
		{1DE83466-EFD4-4B11-AF92-6E15F5E8F03C}.Debug|Any CPU.ActiveCfg = Debug|Any CPU
		{1DE83466-EFD4-4B11-AF92-6E15F5E8F03C}.Debug|Any CPU.Build.0 = Debug|Any CPU
		{1DE83466-EFD4-4B11-AF92-6E15F5E8F03C}.Release|Any CPU.ActiveCfg = Release|Any CPU
		{1DE83466-EFD4-4B11-AF92-6E15F5E8F03C}.Release|Any CPU.Build.0 = Release|Any CPU
		{4B562323-9C51-4548-AAA8-C1A254D455F0}.Debug|Any CPU.ActiveCfg = Debug|Any CPU
		{4B562323-9C51-4548-AAA8-C1A254D455F0}.Debug|Any CPU.Build.0 = Debug|Any CPU
		{4B562323-9C51-4548-AAA8-C1A254D455F0}.Release|Any CPU.ActiveCfg = Release|Any CPU
		{4B562323-9C51-4548-AAA8-C1A254D455F0}.Release|Any CPU.Build.0 = Release|Any CPU
		{1084B733-C5F6-47B2-9099-AD3E610E06A0}.Debug|Any CPU.ActiveCfg = Debug|Any CPU
		{1084B733-C5F6-47B2-9099-AD3E610E06A0}.Debug|Any CPU.Build.0 = Debug|Any CPU
		{1084B733-C5F6-47B2-9099-AD3E610E06A0}.Release|Any CPU.ActiveCfg = Release|Any CPU
		{1084B733-C5F6-47B2-9099-AD3E610E06A0}.Release|Any CPU.Build.0 = Release|Any CPU
		{371B248C-A887-4B81-98C7-B2B65C0EB49D}.Debug|Any CPU.ActiveCfg = Debug|Any CPU
		{371B248C-A887-4B81-98C7-B2B65C0EB49D}.Debug|Any CPU.Build.0 = Debug|Any CPU
		{371B248C-A887-4B81-98C7-B2B65C0EB49D}.Release|Any CPU.ActiveCfg = Release|Any CPU
		{371B248C-A887-4B81-98C7-B2B65C0EB49D}.Release|Any CPU.Build.0 = Release|Any CPU
		{3E9A26C8-6344-4450-8C58-040B7110BC3D}.Debug|Any CPU.ActiveCfg = Debug|Any CPU
		{3E9A26C8-6344-4450-8C58-040B7110BC3D}.Debug|Any CPU.Build.0 = Debug|Any CPU
		{3E9A26C8-6344-4450-8C58-040B7110BC3D}.Release|Any CPU.ActiveCfg = Release|Any CPU
		{3E9A26C8-6344-4450-8C58-040B7110BC3D}.Release|Any CPU.Build.0 = Release|Any CPU
		{76FD4A2E-ED21-4E36-AB9F-8ACAC7CDF8E3}.Debug|Any CPU.ActiveCfg = Debug|Any CPU
		{76FD4A2E-ED21-4E36-AB9F-8ACAC7CDF8E3}.Debug|Any CPU.Build.0 = Debug|Any CPU
		{76FD4A2E-ED21-4E36-AB9F-8ACAC7CDF8E3}.Release|Any CPU.ActiveCfg = Release|Any CPU
		{76FD4A2E-ED21-4E36-AB9F-8ACAC7CDF8E3}.Release|Any CPU.Build.0 = Release|Any CPU
		{E8598859-558D-48B1-A1D0-68F3AAD0CB7B}.Debug|Any CPU.ActiveCfg = Debug|Any CPU
		{E8598859-558D-48B1-A1D0-68F3AAD0CB7B}.Debug|Any CPU.Build.0 = Debug|Any CPU
		{E8598859-558D-48B1-A1D0-68F3AAD0CB7B}.Release|Any CPU.ActiveCfg = Release|Any CPU
		{E8598859-558D-48B1-A1D0-68F3AAD0CB7B}.Release|Any CPU.Build.0 = Release|Any CPU
		{6D12FAC2-2651-4D96-934D-DD3EA73334DB}.Debug|Any CPU.ActiveCfg = Debug|Any CPU
		{6D12FAC2-2651-4D96-934D-DD3EA73334DB}.Debug|Any CPU.Build.0 = Debug|Any CPU
		{6D12FAC2-2651-4D96-934D-DD3EA73334DB}.Release|Any CPU.ActiveCfg = Release|Any CPU
		{6D12FAC2-2651-4D96-934D-DD3EA73334DB}.Release|Any CPU.Build.0 = Release|Any CPU
	EndGlobalSection
	GlobalSection(SolutionProperties) = preSolution
		HideSolutionNode = FALSE
	EndGlobalSection
	GlobalSection(NestedProjects) = preSolution
		{0686D47F-DC82-492F-B9D0-BBA4A6414AF3} = {3FB5E95F-C302-452F-8B16-E9C3F5DD3C33}
		{91CEFE6B-41B0-42EB-BAD7-8C1D1A50602E} = {3FB5E95F-C302-452F-8B16-E9C3F5DD3C33}
		{0C8AC3E8-E029-4794-B05F-34984B0C8099} = {0686D47F-DC82-492F-B9D0-BBA4A6414AF3}
		{D76730A0-F258-4392-B868-136ED8914C90} = {3FB5E95F-C302-452F-8B16-E9C3F5DD3C33}
		{81A80165-1E8D-45C6-86E5-E56C9E3D3FF1} = {3FB5E95F-C302-452F-8B16-E9C3F5DD3C33}
		{7383E8A3-B795-41E2-842F-EE902BA5DE0B} = {3FB5E95F-C302-452F-8B16-E9C3F5DD3C33}
		{519A572B-6E3C-4F63-851E-780A752EADE5} = {3FB5E95F-C302-452F-8B16-E9C3F5DD3C33}
		{1D674F07-3F1A-4631-B6E7-7FEB7611811A} = {519A572B-6E3C-4F63-851E-780A752EADE5}
		{BA69F69F-AA7A-4F82-A52B-71DCA61B2FBC} = {519A572B-6E3C-4F63-851E-780A752EADE5}
		{F86C2EE5-8BFD-4F6E-8E9D-6E90C02C7958} = {519A572B-6E3C-4F63-851E-780A752EADE5}
		{69273733-AF54-4C03-B533-75D9761B0511} = {519A572B-6E3C-4F63-851E-780A752EADE5}
		{7F6CDDB3-C13F-4FDC-AF2D-A829BC03B488} = {519A572B-6E3C-4F63-851E-780A752EADE5}
		{ADF877FA-6AB3-4E08-8EA9-F0370D41A41F} = {519A572B-6E3C-4F63-851E-780A752EADE5}
		{87142F18-50D5-4115-B39D-0AEFBC6D5B4F} = {ADF877FA-6AB3-4E08-8EA9-F0370D41A41F}
		{33EF6EAB-C0DF-47A5-9260-4155289D11A7} = {F86C2EE5-8BFD-4F6E-8E9D-6E90C02C7958}
		{F3631F48-D34B-4AD4-B82D-CFBF686AA52E} = {BA69F69F-AA7A-4F82-A52B-71DCA61B2FBC}
		{0BE63EE6-B0D9-4281-89BF-09C360C77E7D} = {1D674F07-3F1A-4631-B6E7-7FEB7611811A}
		{E0C71CAB-154C-4EF8-923A-E37C27689038} = {69273733-AF54-4C03-B533-75D9761B0511}
		{48939014-F555-4132-BE94-9A23B34FB994} = {ADF877FA-6AB3-4E08-8EA9-F0370D41A41F}
		{C02948CB-C8CC-46F1-B63B-65EAED1D4480} = {ADF877FA-6AB3-4E08-8EA9-F0370D41A41F}
		{2042F5CF-2A8F-4AEE-9B49-C4C87F017551} = {7F6CDDB3-C13F-4FDC-AF2D-A829BC03B488}
		{05019F99-2BA7-4AAD-8165-F723409EFE19} = {7F6CDDB3-C13F-4FDC-AF2D-A829BC03B488}
		{7B08C773-0B4D-4B43-9EC7-EC8666FB5616} = {F86C2EE5-8BFD-4F6E-8E9D-6E90C02C7958}
		{B83D0C25-A1FF-471B-99F8-E6E608341BF5} = {F86C2EE5-8BFD-4F6E-8E9D-6E90C02C7958}
		{C9D09349-D465-46B9-834A-221C56E1E572} = {BA69F69F-AA7A-4F82-A52B-71DCA61B2FBC}
		{E0FF0177-B7EC-4B4B-B527-FD35FF4ACF57} = {BA69F69F-AA7A-4F82-A52B-71DCA61B2FBC}
		{1DE83466-EFD4-4B11-AF92-6E15F5E8F03C} = {1D674F07-3F1A-4631-B6E7-7FEB7611811A}
		{4B562323-9C51-4548-AAA8-C1A254D455F0} = {1D674F07-3F1A-4631-B6E7-7FEB7611811A}
		{1084B733-C5F6-47B2-9099-AD3E610E06A0} = {69273733-AF54-4C03-B533-75D9761B0511}
		{371B248C-A887-4B81-98C7-B2B65C0EB49D} = {69273733-AF54-4C03-B533-75D9761B0511}
		{3E9A26C8-6344-4450-8C58-040B7110BC3D} = {0686D47F-DC82-492F-B9D0-BBA4A6414AF3}
		{76FD4A2E-ED21-4E36-AB9F-8ACAC7CDF8E3} = {0686D47F-DC82-492F-B9D0-BBA4A6414AF3}
		{CF573227-06D5-4FEA-9745-953837A0020C} = {519A572B-6E3C-4F63-851E-780A752EADE5}
		{E8598859-558D-48B1-A1D0-68F3AAD0CB7B} = {CF573227-06D5-4FEA-9745-953837A0020C}
		{6D12FAC2-2651-4D96-934D-DD3EA73334DB} = {7F6CDDB3-C13F-4FDC-AF2D-A829BC03B488}
	EndGlobalSection
	GlobalSection(ExtensibilityGlobals) = postSolution
		SolutionGuid = {09B690CB-38DC-4822-8E44-1BAB258282BD}
	EndGlobalSection
EndGlobal
